{
  "nodes": {
    "home-manager": {
      "inputs": {
        "nixpkgs": [
          "hydenix",
          "nixpkgs"
        ]
      },
      "locked": {
        "lastModified": 1767104570,
        "narHash": "sha256-GKgwu5//R+cLdKysZjGqvUEEOGXXLdt93sNXeb2M/Lk=",
        "owner": "nix-community",
        "repo": "home-manager",
        "rev": "e4e78a2cbeaddd07ab7238971b16468cc1d14daf",
        "type": "github"
      },
      "original": {
        "owner": "nix-community",
        "repo": "home-manager",
        "type": "github"
      }
    },
    "hyde": {
      "flake": false,
      "locked": {
        "lastModified": 1761746426,
        "narHash": "sha256-9Z045RQIvLR8uY4RQsW8C+aMG5kljY5ZvROVNnTbtkY=",
        "owner": "HyDE-Project",
        "repo": "HyDE",
        "rev": "be97b8b4db232bfffc9b74fd27ba90a3457b9354",
        "type": "github"
      },
      "original": {
        "owner": "HyDE-Project",
        "repo": "HyDE",
        "rev": "be97b8b4db232bfffc9b74fd27ba90a3457b9354",
        "type": "github"
      }
    },
    "hyde-config": {
      "inputs": {
        "nixpkgs": [
          "hydenix",
          "nixpkgs"
        ]
      },
      "locked": {
        "lastModified": 1754889600,
        "narHash": "sha256-kn35QcO7OxZxcYyaZNxQ4tBsLdeSi1u2kbWdPg/pky0=",
        "owner": "richen604",
        "repo": "hyde-config",
        "rev": "59dc0659e0cfb72552616553f5b2635cf40c2184",
        "type": "github"
      },
      "original": {
        "owner": "richen604",
        "repo": "hyde-config",
        "type": "github"
      }
    },
    "hyde-ipc": {
      "inputs": {
        "nixpkgs": [
          "hydenix",
          "nixpkgs"
        ],
        "rust-overlay": "rust-overlay"
      },
      "locked": {
        "lastModified": 1762476031,
        "narHash": "sha256-cyCRPPqpSwjh4XN2RzCmlpOMBC2p9/GP4CCdBCS9Rww=",
        "owner": "richen604",
        "repo": "hyde-ipc",
        "rev": "324839b4b4d45ed2760e4fca6a796a47a0704b2a",
        "type": "github"
      },
      "original": {
        "owner": "richen604",
        "repo": "hyde-ipc",
        "type": "github"
      }
    },
    "hydectl": {
      "inputs": {
        "nixpkgs": [
          "hydenix",
          "nixpkgs"
        ]
      },
      "locked": {
        "lastModified": 1755057332,
        "narHash": "sha256-TVLjDL4+SdoXJrNu5TLiUSDD73CdVWfAn3aE2c4aShg=",
        "owner": "richen604",
        "repo": "hydectl",
        "rev": "a19610347de2230175e5d8807584db65d0588134",
        "type": "github"
      },
      "original": {
        "owner": "richen604",
        "repo": "hydectl",
        "type": "github"
      }
    },
    "hydenix": {
      "inputs": {
        "home-manager": "home-manager",
        "hyde": "hyde",
        "hyde-config": "hyde-config",
        "hyde-ipc": "hyde-ipc",
        "hydectl": "hydectl",
        "hyq": "hyq",
        "nix-index-database": "nix-index-database",
        "nixos-hardware": "nixos-hardware",
        "nixpkgs": "nixpkgs_3"
      },
      "locked": {
        "lastModified": 1769129234,
        "narHash": "sha256-vfEN/9mrT13sJ/qBNGeM1oWmMqV43p40Mn9Y3X14kp8=",
        "owner": "richen604",
        "repo": "hydenix",
        "rev": "55370cd2ab2361bf0066e3bc89987b1717381c6d",
        "type": "github"
      },
      "original": {
        "owner": "richen604",
        "repo": "hydenix",
        "type": "github"
      }
    },
    "hyq": {
      "inputs": {
        "nixpkgs": "nixpkgs_2"
      },
      "locked": {
        "lastModified": 1767286442,
        "narHash": "sha256-tUbPjlqB3VPWmQIfDnIen1dKFwHRG4S9Ox4pCjQ72/w=",
        "owner": "richen604",
        "repo": "hyprquery",
        "rev": "74968e9e7fd3111ac94c18e41a61f02eefd11d2b",
        "type": "github"
      },
      "original": {
        "owner": "richen604",
        "repo": "hyprquery",
        "type": "github"
      }
    },
    "nix-index-database": {
      "inputs": {
        "nixpkgs": [
          "hydenix",
          "nixpkgs"
        ]
      },
      "locked": {
        "lastModified": 1765267181,
        "narHash": "sha256-d3NBA9zEtBu2JFMnTBqWj7Tmi7R5OikoU2ycrdhQEws=",
        "owner": "nix-community",
        "repo": "nix-index-database",
        "rev": "82befcf7dc77c909b0f2a09f5da910ec95c5b78f",
        "type": "github"
      },
      "original": {
        "owner": "nix-community",
        "repo": "nix-index-database",
        "type": "github"
      }
    },
    "nixos-hardware": {
      "locked": {
        "lastModified": 1767185284,
        "narHash": "sha256-ljDBUDpD1Cg5n3mJI81Hz5qeZAwCGxon4kQW3Ho3+6Q=",
        "owner": "nixos",
        "repo": "nixos-hardware",
        "rev": "40b1a28dce561bea34858287fbb23052c3ee63fe",
        "type": "github"
      },
      "original": {
        "owner": "nixos",
        "ref": "master",
        "repo": "nixos-hardware",
        "type": "github"
      }
    },
    "nixos-hardware_2": {
      "locked": {
        "lastModified": 1769302137,
        "narHash": "sha256-QEDtctEkOsbx8nlFh4yqPEOtr4tif6KTqWwJ37IM2ds=",
        "owner": "nixos",
        "repo": "nixos-hardware",
        "rev": "a351494b0e35fd7c0b7a1aae82f0afddf4907aa8",
        "type": "github"
      },
      "original": {
        "owner": "nixos",
        "ref": "master",
        "repo": "nixos-hardware",
        "type": "github"
      }
    },
    "nixpkgs": {
      "locked": {
        "lastModified": 1744536153,
        "narHash": "sha256-awS2zRgF4uTwrOKwwiJcByDzDOdo3Q1rPZbiHQg/N38=",
        "owner": "NixOS",
        "repo": "nixpkgs",
        "rev": "18dd725c29603f582cf1900e0d25f9f1063dbf11",
        "type": "github"
      },
      "original": {
        "owner": "NixOS",
        "ref": "nixpkgs-unstable",
        "repo": "nixpkgs",
        "type": "github"
      }
    },
    "nixpkgs_2": {
      "locked": {
        "lastModified": 1767116409,
        "narHash": "sha256-5vKw92l1GyTnjoLzEagJy5V5mDFck72LiQWZSOnSicw=",
        "owner": "NixOS",
        "repo": "nixpkgs",
        "rev": "cad22e7d996aea55ecab064e84834289143e44a0",
        "type": "github"
      },
      "original": {
        "owner": "NixOS",
        "repo": "nixpkgs",
        "rev": "cad22e7d996aea55ecab064e84834289143e44a0",
        "type": "github"
      }
    },
    "nixpkgs_3": {
      "locked": {
        "lastModified": 1767018855,
        "narHash": "sha256-1x45oTBc0IGEmiRaRTj2TkE6OVU2n2oK++o/Vsv1PZU=",
        "owner": "nixos",
        "repo": "nixpkgs",
        "rev": "95e96e8632c387dcf8c4223b8ab14a58936f8b10",
        "type": "github"
      },
      "original": {
        "owner": "nixos",
        "repo": "nixpkgs",
        "rev": "95e96e8632c387dcf8c4223b8ab14a58936f8b10",
        "type": "github"
      }
    },
    "root": {
      "inputs": {
        "hydenix": "hydenix",
        "nixos-hardware": "nixos-hardware_2",
        "nixpkgs": [
          "hydenix",
          "nixpkgs"
        ]
      }
    },
    "rust-overlay": {
      "inputs": {
        "nixpkgs": "nixpkgs"
      },
      "locked": {
        "lastModified": 1762396738,
        "narHash": "sha256-BarSecuxtzp1boERdABLkkoxQTi6s/V33lJwUbWLrLY=",
        "owner": "oxalica",
        "repo": "rust-overlay",
        "rev": "c63598992afd54d215d54f2b764adc0484c2b159",
        "type": "github"
      },
      "original": {
        "owner": "oxalica",
        "repo": "rust-overlay",
        "type": "github"
      }
    }
  },
  "root": "root",
  "version": 7
}
